// !$*UTF8*$!
{
	archiveVersion = 1;
	classes = {
	};
	objectVersion = 56;
	objects = {

/* Begin PBXBuildFile section */
		B84D24E3289095E400BEB076 /* StatusBarStylingViewController.swift in Sources */ = {isa = PBXBuildFile; fileRef = B84D24E2289095E400BEB076 /* StatusBarStylingViewController.swift */; };
		B84D24E52891AB5700BEB076 /* ExampleStatusBarStylingViewController.swift in Sources */ = {isa = PBXBuildFile; fileRef = B84D24E42891AB5700BEB076 /* ExampleStatusBarStylingViewController.swift */; };
		B84D24E72891AB9300BEB076 /* ExampleStatusBarStylingViewController.storyboard in Resources */ = {isa = PBXBuildFile; fileRef = B84D24E62891AB9300BEB076 /* ExampleStatusBarStylingViewController.storyboard */; };
		B84D24EA2891AD4D00BEB076 /* UIViewController+make.swift in Sources */ = {isa = PBXBuildFile; fileRef = B84D24E92891AD4D00BEB076 /* UIViewController+make.swift */; };
		B84D24EE2891AFE600BEB076 /* StatusBarStyle.swift in Sources */ = {isa = PBXBuildFile; fileRef = B84D24ED2891AFE600BEB076 /* StatusBarStyle.swift */; };
		B8F3FD4F28908D8D002413A0 /* AppDelegate.swift in Sources */ = {isa = PBXBuildFile; fileRef = B8F3FD4E28908D8D002413A0 /* AppDelegate.swift */; };
		B8F3FD5128908D8D002413A0 /* SceneDelegate.swift in Sources */ = {isa = PBXBuildFile; fileRef = B8F3FD5028908D8D002413A0 /* SceneDelegate.swift */; };
		B8F3FD5328908D8D002413A0 /* ViewController.swift in Sources */ = {isa = PBXBuildFile; fileRef = B8F3FD5228908D8D002413A0 /* ViewController.swift */; };
		B8F3FD5628908D8D002413A0 /* Main.storyboard in Resources */ = {isa = PBXBuildFile; fileRef = B8F3FD5428908D8D002413A0 /* Main.storyboard */; };
		B8F3FD5828908D8E002413A0 /* Assets.xcassets in Resources */ = {isa = PBXBuildFile; fileRef = B8F3FD5728908D8E002413A0 /* Assets.xcassets */; };
		B8F3FD5B28908D8E002413A0 /* LaunchScreen.storyboard in Resources */ = {isa = PBXBuildFile; fileRef = B8F3FD5928908D8E002413A0 /* LaunchScreen.storyboard */; };
		B8F3FD6328909228002413A0 /* NavStackStatusBarViewController.swift in Sources */ = {isa = PBXBuildFile; fileRef = B8F3FD6228909228002413A0 /* NavStackStatusBarViewController.swift */; };
		B8F3FD65289092C6002413A0 /* NavStackStatusBarViewController.storyboard in Resources */ = {isa = PBXBuildFile; fileRef = B8F3FD64289092C5002413A0 /* NavStackStatusBarViewController.storyboard */; };
/* End PBXBuildFile section */

/* Begin PBXFileReference section */
		B84D24E2289095E400BEB076 /* StatusBarStylingViewController.swift */ = {isa = PBXFileReference; lastKnownFileType = sourcecode.swift; path = StatusBarStylingViewController.swift; sourceTree = "<group>"; };
		B84D24E42891AB5700BEB076 /* ExampleStatusBarStylingViewController.swift */ = {isa = PBXFileReference; lastKnownFileType = sourcecode.swift; path = ExampleStatusBarStylingViewController.swift; sourceTree = "<group>"; };
		B84D24E62891AB9300BEB076 /* ExampleStatusBarStylingViewController.storyboard */ = {isa = PBXFileReference; lastKnownFileType = file.storyboard; path = ExampleStatusBarStylingViewController.storyboard; sourceTree = "<group>"; };
		B84D24E92891AD4D00BEB076 /* UIViewController+make.swift */ = {isa = PBXFileReference; lastKnownFileType = sourcecode.swift; path = "UIViewController+make.swift"; sourceTree = "<group>"; };
		B84D24ED2891AFE600BEB076 /* StatusBarStyle.swift */ = {isa = PBXFileReference; lastKnownFileType = sourcecode.swift; path = StatusBarStyle.swift; sourceTree = "<group>"; };
		B8F3FD4B28908D8D002413A0 /* StatusBarTest.app */ = {isa = PBXFileReference; explicitFileType = wrapper.application; includeInIndex = 0; path = StatusBarTest.app; sourceTree = BUILT_PRODUCTS_DIR; };
		B8F3FD4E28908D8D002413A0 /* AppDelegate.swift */ = {isa = PBXFileReference; lastKnownFileType = sourcecode.swift; path = AppDelegate.swift; sourceTree = "<group>"; };
		B8F3FD5028908D8D002413A0 /* SceneDelegate.swift */ = {isa = PBXFileReference; lastKnownFileType = sourcecode.swift; path = SceneDelegate.swift; sourceTree = "<group>"; };
		B8F3FD5228908D8D002413A0 /* ViewController.swift */ = {isa = PBXFileReference; lastKnownFileType = sourcecode.swift; path = ViewController.swift; sourceTree = "<group>"; };
		B8F3FD5528908D8D002413A0 /* Base */ = {isa = PBXFileReference; lastKnownFileType = file.storyboard; name = Base; path = Base.lproj/Main.storyboard; sourceTree = "<group>"; };
		B8F3FD5728908D8E002413A0 /* Assets.xcassets */ = {isa = PBXFileReference; lastKnownFileType = folder.assetcatalog; path = Assets.xcassets; sourceTree = "<group>"; };
		B8F3FD5A28908D8E002413A0 /* Base */ = {isa = PBXFileReference; lastKnownFileType = file.storyboard; name = Base; path = Base.lproj/LaunchScreen.storyboard; sourceTree = "<group>"; };
		B8F3FD5C28908D8E002413A0 /* Info.plist */ = {isa = PBXFileReference; lastKnownFileType = text.plist.xml; path = Info.plist; sourceTree = "<group>"; };
		B8F3FD6228909228002413A0 /* NavStackStatusBarViewController.swift */ = {isa = PBXFileReference; lastKnownFileType = sourcecode.swift; path = NavStackStatusBarViewController.swift; sourceTree = "<group>"; };
		B8F3FD64289092C5002413A0 /* NavStackStatusBarViewController.storyboard */ = {isa = PBXFileReference; lastKnownFileType = file.storyboard; path = NavStackStatusBarViewController.storyboard; sourceTree = "<group>"; };
/* End PBXFileReference section */

/* Begin PBXFrameworksBuildPhase section */
		B8F3FD4828908D8D002413A0 /* Frameworks */ = {
			isa = PBXFrameworksBuildPhase;
			buildActionMask = 2147483647;
			files = (
			);
			runOnlyForDeploymentPostprocessing = 0;
		};
/* End PBXFrameworksBuildPhase section */

/* Begin PBXGroup section */
		B84D24E82891AD4200BEB076 /* Extensions */ = {
			isa = PBXGroup;
			children = (
				B84D24E92891AD4D00BEB076 /* UIViewController+make.swift */,
			);
			path = Extensions;
			sourceTree = "<group>";
		};
		B84D24EB2891AED400BEB076 /* View Controllers */ = {
			isa = PBXGroup;
			children = (
				B8F3FD5228908D8D002413A0 /* ViewController.swift */,
				B8F3FD6228909228002413A0 /* NavStackStatusBarViewController.swift */,
				B8F3FD64289092C5002413A0 /* NavStackStatusBarViewController.storyboard */,
				B84D24E42891AB5700BEB076 /* ExampleStatusBarStylingViewController.swift */,
				B84D24E62891AB9300BEB076 /* ExampleStatusBarStylingViewController.storyboard */,
				B84D24E2289095E400BEB076 /* StatusBarStylingViewController.swift */,
			);
			path = "View Controllers";
			sourceTree = "<group>";
		};
		B84D24EC2891AFDC00BEB076 /* Status Bar */ = {
			isa = PBXGroup;
			children = (
				B84D24ED2891AFE600BEB076 /* StatusBarStyle.swift */,
			);
			path = "Status Bar";
			sourceTree = "<group>";
		};
		B8F3FD4228908D8D002413A0 = {
			isa = PBXGroup;
			children = (
				B8F3FD4D28908D8D002413A0 /* StatusBarTest */,
				B8F3FD4C28908D8D002413A0 /* Products */,
			);
			sourceTree = "<group>";
		};
		B8F3FD4C28908D8D002413A0 /* Products */ = {
			isa = PBXGroup;
			children = (
				B8F3FD4B28908D8D002413A0 /* StatusBarTest.app */,
			);
			name = Products;
			sourceTree = "<group>";
		};
		B8F3FD4D28908D8D002413A0 /* StatusBarTest */ = {
			isa = PBXGroup;
			children = (
				B84D24EC2891AFDC00BEB076 /* Status Bar */,
				B84D24EB2891AED400BEB076 /* View Controllers */,
				B84D24E82891AD4200BEB076 /* Extensions */,
				B8F3FD4E28908D8D002413A0 /* AppDelegate.swift */,
				B8F3FD5028908D8D002413A0 /* SceneDelegate.swift */,
				B8F3FD5428908D8D002413A0 /* Main.storyboard */,
				B8F3FD5728908D8E002413A0 /* Assets.xcassets */,
				B8F3FD5928908D8E002413A0 /* LaunchScreen.storyboard */,
				B8F3FD5C28908D8E002413A0 /* Info.plist */,
			);
			path = StatusBarTest;
			sourceTree = "<group>";
		};
/* End PBXGroup section */

/* Begin PBXNativeTarget section */
		B8F3FD4A28908D8D002413A0 /* StatusBarTest */ = {
			isa = PBXNativeTarget;
			buildConfigurationList = B8F3FD5F28908D8E002413A0 /* Build configuration list for PBXNativeTarget "StatusBarTest" */;
			buildPhases = (
				B8F3FD4728908D8D002413A0 /* Sources */,
				B8F3FD4828908D8D002413A0 /* Frameworks */,
				B8F3FD4928908D8D002413A0 /* Resources */,
			);
			buildRules = (
			);
			dependencies = (
			);
			name = StatusBarTest;
			productName = StatusBarTest;
			productReference = B8F3FD4B28908D8D002413A0 /* StatusBarTest.app */;
			productType = "com.apple.product-type.application";
		};
/* End PBXNativeTarget section */

/* Begin PBXProject section */
		B8F3FD4328908D8D002413A0 /* Project object */ = {
			isa = PBXProject;
			attributes = {
				BuildIndependentTargetsInParallel = 1;
				LastSwiftUpdateCheck = 1400;
				LastUpgradeCheck = 1400;
				TargetAttributes = {
					B8F3FD4A28908D8D002413A0 = {
						CreatedOnToolsVersion = 14.0;
					};
				};
			};
			buildConfigurationList = B8F3FD4628908D8D002413A0 /* Build configuration list for PBXProject "StatusBarTest" */;
			compatibilityVersion = "Xcode 14.0";
			developmentRegion = en;
			hasScannedForEncodings = 0;
			knownRegions = (
				en,
				Base,
			);
			mainGroup = B8F3FD4228908D8D002413A0;
			productRefGroup = B8F3FD4C28908D8D002413A0 /* Products */;
			projectDirPath = "";
			projectRoot = "";
			targets = (
				B8F3FD4A28908D8D002413A0 /* StatusBarTest */,
			);
		};
/* End PBXProject section */

/* Begin PBXResourcesBuildPhase section */
		B8F3FD4928908D8D002413A0 /* Resources */ = {
			isa = PBXResourcesBuildPhase;
			buildActionMask = 2147483647;
			files = (
				B84D24E72891AB9300BEB076 /* ExampleStatusBarStylingViewController.storyboard in Resources */,
				B8F3FD65289092C6002413A0 /* NavStackStatusBarViewController.storyboard in Resources */,
				B8F3FD5B28908D8E002413A0 /* LaunchScreen.storyboard in Resources */,
				B8F3FD5828908D8E002413A0 /* Assets.xcassets in Resources */,
				B8F3FD5628908D8D002413A0 /* Main.storyboard in Resources */,
			);
			runOnlyForDeploymentPostprocessing = 0;
		};
/* End PBXResourcesBuildPhase section */

/* Begin PBXSourcesBuildPhase section */
		B8F3FD4728908D8D002413A0 /* Sources */ = {
			isa = PBXSourcesBuildPhase;
			buildActionMask = 2147483647;
			files = (
				B8F3FD5328908D8D002413A0 /* ViewController.swift in Sources */,
				B84D24EE2891AFE600BEB076 /* StatusBarStyle.swift in Sources */,
				B8F3FD4F28908D8D002413A0 /* AppDelegate.swift in Sources */,
				B8F3FD5128908D8D002413A0 /* SceneDelegate.swift in Sources */,
				B84D24EA2891AD4D00BEB076 /* UIViewController+make.swift in Sources */,
				B84D24E3289095E400BEB076 /* StatusBarStylingViewController.swift in Sources */,
				B84D24E52891AB5700BEB076 /* ExampleStatusBarStylingViewController.swift in Sources */,
				B8F3FD6328909228002413A0 /* NavStackStatusBarViewController.swift in Sources */,
			);
			runOnlyForDeploymentPostprocessing = 0;
		};
/* End PBXSourcesBuildPhase section */

/* Begin PBXVariantGroup section */
		B8F3FD5428908D8D002413A0 /* Main.storyboard */ = {
			isa = PBXVariantGroup;
			children = (
				B8F3FD5528908D8D002413A0 /* Base */,
			);
			name = Main.storyboard;
			sourceTree = "<group>";
		};
		B8F3FD5928908D8E002413A0 /* LaunchScreen.storyboard */ = {
			isa = PBXVariantGroup;
			children = (
				B8F3FD5A28908D8E002413A0 /* Base */,
			);
			name = LaunchScreen.storyboard;
			sourceTree = "<group>";
		};
/* End PBXVariantGroup section */

/* Begin XCBuildConfiguration section */
		B8F3FD5D28908D8E002413A0 /* Debug */ = {
			isa = XCBuildConfiguration;
			buildSettings = {
				ALWAYS_SEARCH_USER_PATHS = NO;
				CLANG_ANALYZER_NONNULL = YES;
				CLANG_ANALYZER_NUMBER_OBJECT_CONVERSION = YES_AGGRESSIVE;
				CLANG_CXX_LANGUAGE_STANDARD = "gnu++17";
				CLANG_ENABLE_MODULES = YES;
				CLANG_ENABLE_OBJC_ARC = YES;
				CLANG_ENABLE_OBJC_WEAK = YES;
				CLANG_WARN_BLOCK_CAPTURE_AUTORELEASING = YES;
				CLANG_WARN_BOOL_CONVERSION = YES;
				CLANG_WARN_COMMA = YES;
				CLANG_WARN_CONSTANT_CONVERSION = YES;
				CLANG_WARN_DEPRECATED_OBJC_IMPLEMENTATIONS = YES;
				CLANG_WARN_DIRECT_OBJC_ISA_USAGE = YES_ERROR;
				CLANG_WARN_DOCUMENTATION_COMMENTS = YES;
				CLANG_WARN_EMPTY_BODY = YES;
				CLANG_WARN_ENUM_CONVERSION = YES;
				CLANG_WARN_INFINITE_RECURSION = YES;
				CLANG_WARN_INT_CONVERSION = YES;
				CLANG_WARN_NON_LITERAL_NULL_CONVERSION = YES;
				CLANG_WARN_OBJC_IMPLICIT_RETAIN_SELF = YES;
				CLANG_WARN_OBJC_LITERAL_CONVERSION = YES;
				CLANG_WARN_OBJC_ROOT_CLASS = YES_ERROR;
				CLANG_WARN_QUOTED_INCLUDE_IN_FRAMEWORK_HEADER = YES;
				CLANG_WARN_RANGE_LOOP_ANALYSIS = YES;
				CLANG_WARN_STRICT_PROTOTYPES = YES;
				CLANG_WARN_SUSPICIOUS_MOVE = YES;
				CLANG_WARN_UNGUARDED_AVAILABILITY = YES_AGGRESSIVE;
				CLANG_WARN_UNREACHABLE_CODE = YES;
				CLANG_WARN__DUPLICATE_METHOD_MATCH = YES;
				COPY_PHASE_STRIP = NO;
				DEBUG_INFORMATION_FORMAT = dwarf;
				ENABLE_STRICT_OBJC_MSGSEND = YES;
				ENABLE_TESTABILITY = YES;
				GCC_C_LANGUAGE_STANDARD = gnu11;
				GCC_DYNAMIC_NO_PIC = NO;
				GCC_NO_COMMON_BLOCKS = YES;
				GCC_OPTIMIZATION_LEVEL = 0;
				GCC_PREPROCESSOR_DEFINITIONS = (
					"DEBUG=1",
					"$(inherited)",
				);
				GCC_WARN_64_TO_32_BIT_CONVERSION = YES;
				GCC_WARN_ABOUT_RETURN_TYPE = YES_ERROR;
				GCC_WARN_UNDECLARED_SELECTOR = YES;
				GCC_WARN_UNINITIALIZED_AUTOS = YES_AGGRESSIVE;
				GCC_WARN_UNUSED_FUNCTION = YES;
				GCC_WARN_UNUSED_VARIABLE = YES;
				IPHONEOS_DEPLOYMENT_TARGET = 16.0;
				MTL_ENABLE_DEBUG_INFO = INCLUDE_SOURCE;
				MTL_FAST_MATH = YES;
				ONLY_ACTIVE_ARCH = YES;
				SDKROOT = iphoneos;
				SWIFT_ACTIVE_COMPILATION_CONDITIONS = DEBUG;
				SWIFT_OPTIMIZATION_LEVEL = "-Onone";
			};
			name = Debug;
		};
		B8F3FD5E28908D8E002413A0 /* Release */ = {
			isa = XCBuildConfiguration;
			buildSettings = {
				ALWAYS_SEARCH_USER_PATHS = NO;
				CLANG_ANALYZER_NONNULL = YES;
				CLANG_ANALYZER_NUMBER_OBJECT_CONVERSION = YES_AGGRESSIVE;
				CLANG_CXX_LANGUAGE_STANDARD = "gnu++17";
				CLANG_ENABLE_MODULES = YES;
				CLANG_ENABLE_OBJC_ARC = YES;
				CLANG_ENABLE_OBJC_WEAK = YES;
				CLANG_WARN_BLOCK_CAPTURE_AUTORELEASING = YES;
				CLANG_WARN_BOOL_CONVERSION = YES;
				CLANG_WARN_COMMA = YES;
				CLANG_WARN_CONSTANT_CONVERSION = YES;
				CLANG_WARN_DEPRECATED_OBJC_IMPLEMENTATIONS = YES;
				CLANG_WARN_DIRECT_OBJC_ISA_USAGE = YES_ERROR;
				CLANG_WARN_DOCUMENTATION_COMMENTS = YES;
				CLANG_WARN_EMPTY_BODY = YES;
				CLANG_WARN_ENUM_CONVERSION = YES;
				CLANG_WARN_INFINITE_RECURSION = YES;
				CLANG_WARN_INT_CONVERSION = YES;
				CLANG_WARN_NON_LITERAL_NULL_CONVERSION = YES;
				CLANG_WARN_OBJC_IMPLICIT_RETAIN_SELF = YES;
				CLANG_WARN_OBJC_LITERAL_CONVERSION = YES;
				CLANG_WARN_OBJC_ROOT_CLASS = YES_ERROR;
				CLANG_WARN_QUOTED_INCLUDE_IN_FRAMEWORK_HEADER = YES;
				CLANG_WARN_RANGE_LOOP_ANALYSIS = YES;
				CLANG_WARN_STRICT_PROTOTYPES = YES;
				CLANG_WARN_SUSPICIOUS_MOVE = YES;
				CLANG_WARN_UNGUARDED_AVAILABILITY = YES_AGGRESSIVE;
				CLANG_WARN_UNREACHABLE_CODE = YES;
				CLANG_WARN__DUPLICATE_METHOD_MATCH = YES;
				COPY_PHASE_STRIP = NO;
				DEBUG_INFORMATION_FORMAT = "dwarf-with-dsym";
				ENABLE_NS_ASSERTIONS = NO;
				ENABLE_STRICT_OBJC_MSGSEND = YES;
				GCC_C_LANGUAGE_STANDARD = gnu11;
				GCC_NO_COMMON_BLOCKS = YES;
				GCC_WARN_64_TO_32_BIT_CONVERSION = YES;
				GCC_WARN_ABOUT_RETURN_TYPE = YES_ERROR;
				GCC_WARN_UNDECLARED_SELECTOR = YES;
				GCC_WARN_UNINITIALIZED_AUTOS = YES_AGGRESSIVE;
				GCC_WARN_UNUSED_FUNCTION = YES;
				GCC_WARN_UNUSED_VARIABLE = YES;
				IPHONEOS_DEPLOYMENT_TARGET = 16.0;
				MTL_ENABLE_DEBUG_INFO = NO;
				MTL_FAST_MATH = YES;
				SDKROOT = iphoneos;
				SWIFT_COMPILATION_MODE = wholemodule;
				SWIFT_OPTIMIZATION_LEVEL = "-O";
				VALIDATE_PRODUCT = YES;
			};
			name = Release;
		};
		B8F3FD6028908D8E002413A0 /* Debug */ = {
			isa = XCBuildConfiguration;
			buildSettings = {
				ASSETCATALOG_COMPILER_APPICON_NAME = AppIcon;
				ASSETCATALOG_COMPILER_GLOBAL_ACCENT_COLOR_NAME = AccentColor;
				CODE_SIGN_STYLE = Automatic;
				CURRENT_PROJECT_VERSION = 1;
				DEVELOPMENT_TEAM = GZZH6JZ9Q5;
				GENERATE_INFOPLIST_FILE = YES;
				INFOPLIST_FILE = StatusBarTest/Info.plist;
				INFOPLIST_KEY_UIApplicationSupportsIndirectInputEvents = YES;
				INFOPLIST_KEY_UILaunchStoryboardName = LaunchScreen;
				INFOPLIST_KEY_UIMainStoryboardFile = Main;
				INFOPLIST_KEY_UISupportedInterfaceOrientations_iPad = "UIInterfaceOrientationPortrait UIInterfaceOrientationPortraitUpsideDown UIInterfaceOrientationLandscapeLeft UIInterfaceOrientationLandscapeRight";
				INFOPLIST_KEY_UISupportedInterfaceOrientations_iPhone = "UIInterfaceOrientationPortrait UIInterfaceOrientationLandscapeLeft UIInterfaceOrientationLandscapeRight";
				LD_RUNPATH_SEARCH_PATHS = (
					"$(inherited)",
					"@executable_path/Frameworks",
				);
				MARKETING_VERSION = 1.0;
				PRODUCT_BUNDLE_IDENTIFIER = com.patrickgatewood.StatusBarTest;
				PRODUCT_NAME = "$(TARGET_NAME)";
				SWIFT_EMIT_LOC_STRINGS = YES;
				SWIFT_VERSION = 5.0;
				TARGETED_DEVICE_FAMILY = "1,2";
			};
			name = Debug;
		};
		B8F3FD6128908D8E002413A0 /* Release */ = {
			isa = XCBuildConfiguration;
			buildSettings = {
				ASSETCATALOG_COMPILER_APPICON_NAME = AppIcon;
				ASSETCATALOG_COMPILER_GLOBAL_ACCENT_COLOR_NAME = AccentColor;
				CODE_SIGN_STYLE = Automatic;
				CURRENT_PROJECT_VERSION = 1;
				DEVELOPMENT_TEAM = GZZH6JZ9Q5;
				GENERATE_INFOPLIST_FILE = YES;
				INFOPLIST_FILE = StatusBarTest/Info.plist;
				INFOPLIST_KEY_UIApplicationSupportsIndirectInputEvents = YES;
				INFOPLIST_KEY_UILaunchStoryboardName = LaunchScreen;
				INFOPLIST_KEY_UIMainStoryboardFile = Main;
				INFOPLIST_KEY_UISupportedInterfaceOrientations_iPad = "UIInterfaceOrientationPortrait UIInterfaceOrientationPortraitUpsideDown UIInterfaceOrientationLandscapeLeft UIInterfaceOrientationLandscapeRight";
				INFOPLIST_KEY_UISupportedInterfaceOrientations_iPhone = "UIInterfaceOrientationPortrait UIInterfaceOrientationLandscapeLeft UIInterfaceOrientationLandscapeRight";
				LD_RUNPATH_SEARCH_PATHS = (
					"$(inherited)",
					"@executable_path/Frameworks",
				);
				MARKETING_VERSION = 1.0;
				PRODUCT_BUNDLE_IDENTIFIER = com.patrickgatewood.StatusBarTest;
				PRODUCT_NAME = "$(TARGET_NAME)";
				SWIFT_EMIT_LOC_STRINGS = YES;
				SWIFT_VERSION = 5.0;
				TARGETED_DEVICE_FAMILY = "1,2";
			};
			name = Release;
		};
/* End XCBuildConfiguration section */

/* Begin XCConfigurationList section */
		B8F3FD4628908D8D002413A0 /* Build configuration list for PBXProject "StatusBarTest" */ = {
			isa = XCConfigurationList;
			buildConfigurations = (
				B8F3FD5D28908D8E002413A0 /* Debug */,
				B8F3FD5E28908D8E002413A0 /* Release */,
			);
			defaultConfigurationIsVisible = 0;
			defaultConfigurationName = Release;
		};
		B8F3FD5F28908D8E002413A0 /* Build configuration list for PBXNativeTarget "StatusBarTest" */ = {
			isa = XCConfigurationList;
			buildConfigurations = (
				B8F3FD6028908D8E002413A0 /* Debug */,
				B8F3FD6128908D8E002413A0 /* Release */,
			);
			defaultConfigurationIsVisible = 0;
			defaultConfigurationName = Release;
		};
/* End XCConfigurationList section */
	};
	rootObject = B8F3FD4328908D8D002413A0 /* Project object */;
}
